
Microsoft Visual Studio Solution File, Format Version 12.00
# Visual Studio Version 17
VisualStudioVersion = 17.7.34202.233
MinimumVisualStudioVersion = 10.0.40219.1
Project("{FAE04EC0-301F-11D3-BF4B-00C04F79EFBC}") = "Soal_3_AspNet", "Soal_3_AspNet.csproj", "{EE8E0D40-3971-40C5-811A-6F521D3C035A}"
EndProject
Global
	GlobalSection(SolutionConfigurationPlatforms) = preSolution
		Debug|Any CPU = Debug|Any CPU
		Release|Any CPU = Release|Any CPU
	EndGlobalSection
	GlobalSection(ProjectConfigurationPlatforms) = postSolution
		{EE8E0D40-3971-40C5-811A-6F521D3C035A}.Debug|Any CPU.ActiveCfg = Debug|Any CPU
		{EE8E0D40-3971-40C5-811A-6F521D3C035A}.Debug|Any CPU.Build.0 = Debug|Any CPU
		{EE8E0D40-3971-40C5-811A-6F521D3C035A}.Release|Any CPU.ActiveCfg = Release|Any CPU
		{EE8E0D40-3971-40C5-811A-6F521D3C035A}.Release|Any CPU.Build.0 = Release|Any CPU
	EndGlobalSection
	GlobalSection(SolutionProperties) = preSolution
		HideSolutionNode = FALSE
	EndGlobalSection
	GlobalSection(ExtensibilityGlobals) = postSolution
		SolutionGuid = {19C9EFBF-7151-435F-8659-DF3575C1F76A}
	EndGlobalSection
EndGlobal
